// !$*UTF8*$!
{
	archiveVersion = 1;
	classes = {
	};
	objectVersion = 46;
	objects = {

/* Begin PBXBuildFile section */
		F3328A441AB029630086A029 /* Lion.swift in Sources */ = {isa = PBXBuildFile; fileRef = F3328A431AB029630086A029 /* Lion.swift */; };
		F38E69721AB052600005953A /* LionCub.swift in Sources */ = {isa = PBXBuildFile; fileRef = F38E69711AB052600005953A /* LionCub.swift */; };
		F3F7625D1AA71D0500DAFF6D /* AppDelegate.swift in Sources */ = {isa = PBXBuildFile; fileRef = F3F7625C1AA71D0500DAFF6D /* AppDelegate.swift */; };
		F3F7625F1AA71D0500DAFF6D /* ViewController.swift in Sources */ = {isa = PBXBuildFile; fileRef = F3F7625E1AA71D0500DAFF6D /* ViewController.swift */; };
		F3F762621AA71D0500DAFF6D /* Main.storyboard in Resources */ = {isa = PBXBuildFile; fileRef = F3F762601AA71D0500DAFF6D /* Main.storyboard */; };
		F3F762641AA71D0500DAFF6D /* Images.xcassets in Resources */ = {isa = PBXBuildFile; fileRef = F3F762631AA71D0500DAFF6D /* Images.xcassets */; };
		F3F762671AA71D0500DAFF6D /* LaunchScreen.xib in Resources */ = {isa = PBXBuildFile; fileRef = F3F762651AA71D0500DAFF6D /* LaunchScreen.xib */; };
		F3F762731AA71D0500DAFF6D /* LionsAndTigersTests.swift in Sources */ = {isa = PBXBuildFile; fileRef = F3F762721AA71D0500DAFF6D /* LionsAndTigersTests.swift */; };
		F3F7627D1AA7221700DAFF6D /* Tiger.swift in Sources */ = {isa = PBXBuildFile; fileRef = F3F7627C1AA7221700DAFF6D /* Tiger.swift */; };
		F3F762871AA724BF00DAFF6D /* BengalTiger.jpg in Resources */ = {isa = PBXBuildFile; fileRef = F3F7627F1AA724BF00DAFF6D /* BengalTiger.jpg */; };
		F3F762881AA724BF00DAFF6D /* IndochineseTiger.jpg in Resources */ = {isa = PBXBuildFile; fileRef = F3F762801AA724BF00DAFF6D /* IndochineseTiger.jpg */; };
		F3F762891AA724BF00DAFF6D /* Lion.jpg in Resources */ = {isa = PBXBuildFile; fileRef = F3F762811AA724BF00DAFF6D /* Lion.jpg */; };
		F3F7628A1AA724BF00DAFF6D /* LionCub1.jpg in Resources */ = {isa = PBXBuildFile; fileRef = F3F762821AA724BF00DAFF6D /* LionCub1.jpg */; };
		F3F7628B1AA724BF00DAFF6D /* LionCub2.jpeg in Resources */ = {isa = PBXBuildFile; fileRef = F3F762831AA724BF00DAFF6D /* LionCub2.jpeg */; };
		F3F7628C1AA724BF00DAFF6D /* Lioness.jpeg in Resources */ = {isa = PBXBuildFile; fileRef = F3F762841AA724BF00DAFF6D /* Lioness.jpeg */; };
		F3F7628D1AA724BF00DAFF6D /* MalayanTiger.jpg in Resources */ = {isa = PBXBuildFile; fileRef = F3F762851AA724BF00DAFF6D /* MalayanTiger.jpg */; };
		F3F7628E1AA724BF00DAFF6D /* SiberianTiger.jpg in Resources */ = {isa = PBXBuildFile; fileRef = F3F762861AA724BF00DAFF6D /* SiberianTiger.jpg */; };
/* End PBXBuildFile section */

/* Begin PBXContainerItemProxy section */
		F3F7626D1AA71D0500DAFF6D /* PBXContainerItemProxy */ = {
			isa = PBXContainerItemProxy;
			containerPortal = F3F7624F1AA71D0500DAFF6D /* Project object */;
			proxyType = 1;
			remoteGlobalIDString = F3F762561AA71D0500DAFF6D;
			remoteInfo = LionsAndTigers;
		};
/* End PBXContainerItemProxy section */

/* Begin PBXFileReference section */
		F3328A431AB029630086A029 /* Lion.swift */ = {isa = PBXFileReference; fileEncoding = 4; lastKnownFileType = sourcecode.swift; path = Lion.swift; sourceTree = "<group>"; };
		F38E69711AB052600005953A /* LionCub.swift */ = {isa = PBXFileReference; fileEncoding = 4; lastKnownFileType = sourcecode.swift; path = LionCub.swift; sourceTree = "<group>"; };
		F3F762571AA71D0500DAFF6D /* LionsAndTigers.app */ = {isa = PBXFileReference; explicitFileType = wrapper.application; includeInIndex = 0; path = LionsAndTigers.app; sourceTree = BUILT_PRODUCTS_DIR; };
		F3F7625B1AA71D0500DAFF6D /* Info.plist */ = {isa = PBXFileReference; lastKnownFileType = text.plist.xml; path = Info.plist; sourceTree = "<group>"; };
		F3F7625C1AA71D0500DAFF6D /* AppDelegate.swift */ = {isa = PBXFileReference; lastKnownFileType = sourcecode.swift; path = AppDelegate.swift; sourceTree = "<group>"; };
		F3F7625E1AA71D0500DAFF6D /* ViewController.swift */ = {isa = PBXFileReference; lastKnownFileType = sourcecode.swift; path = ViewController.swift; sourceTree = "<group>"; };
		F3F762611AA71D0500DAFF6D /* Base */ = {isa = PBXFileReference; lastKnownFileType = file.storyboard; name = Base; path = Base.lproj/Main.storyboard; sourceTree = "<group>"; };
		F3F762631AA71D0500DAFF6D /* Images.xcassets */ = {isa = PBXFileReference; lastKnownFileType = folder.assetcatalog; path = Images.xcassets; sourceTree = "<group>"; };
		F3F762661AA71D0500DAFF6D /* Base */ = {isa = PBXFileReference; lastKnownFileType = file.xib; name = Base; path = Base.lproj/LaunchScreen.xib; sourceTree = "<group>"; };
		F3F7626C1AA71D0500DAFF6D /* LionsAndTigersTests.xctest */ = {isa = PBXFileReference; explicitFileType = wrapper.cfbundle; includeInIndex = 0; path = LionsAndTigersTests.xctest; sourceTree = BUILT_PRODUCTS_DIR; };
		F3F762711AA71D0500DAFF6D /* Info.plist */ = {isa = PBXFileReference; lastKnownFileType = text.plist.xml; path = Info.plist; sourceTree = "<group>"; };
		F3F762721AA71D0500DAFF6D /* LionsAndTigersTests.swift */ = {isa = PBXFileReference; lastKnownFileType = sourcecode.swift; path = LionsAndTigersTests.swift; sourceTree = "<group>"; };
		F3F7627C1AA7221700DAFF6D /* Tiger.swift */ = {isa = PBXFileReference; fileEncoding = 4; lastKnownFileType = sourcecode.swift; path = Tiger.swift; sourceTree = "<group>"; };
		F3F7627F1AA724BF00DAFF6D /* BengalTiger.jpg */ = {isa = PBXFileReference; lastKnownFileType = image.jpeg; path = BengalTiger.jpg; sourceTree = "<group>"; };
		F3F762801AA724BF00DAFF6D /* IndochineseTiger.jpg */ = {isa = PBXFileReference; lastKnownFileType = image.jpeg; path = IndochineseTiger.jpg; sourceTree = "<group>"; };
		F3F762811AA724BF00DAFF6D /* Lion.jpg */ = {isa = PBXFileReference; lastKnownFileType = image.jpeg; path = Lion.jpg; sourceTree = "<group>"; };
		F3F762821AA724BF00DAFF6D /* LionCub1.jpg */ = {isa = PBXFileReference; lastKnownFileType = image.jpeg; path = LionCub1.jpg; sourceTree = "<group>"; };
		F3F762831AA724BF00DAFF6D /* LionCub2.jpeg */ = {isa = PBXFileReference; lastKnownFileType = image.jpeg; path = LionCub2.jpeg; sourceTree = "<group>"; };
		F3F762841AA724BF00DAFF6D /* Lioness.jpeg */ = {isa = PBXFileReference; lastKnownFileType = image.jpeg; path = Lioness.jpeg; sourceTree = "<group>"; };
		F3F762851AA724BF00DAFF6D /* MalayanTiger.jpg */ = {isa = PBXFileReference; lastKnownFileType = image.jpeg; path = MalayanTiger.jpg; sourceTree = "<group>"; };
		F3F762861AA724BF00DAFF6D /* SiberianTiger.jpg */ = {isa = PBXFileReference; lastKnownFileType = image.jpeg; path = SiberianTiger.jpg; sourceTree = "<group>"; };
/* End PBXFileReference section */

/* Begin PBXFrameworksBuildPhase section */
		F3F762541AA71D0500DAFF6D /* Frameworks */ = {
			isa = PBXFrameworksBuildPhase;
			buildActionMask = 2147483647;
			files = (
			);
			runOnlyForDeploymentPostprocessing = 0;
		};
		F3F762691AA71D0500DAFF6D /* Frameworks */ = {
			isa = PBXFrameworksBuildPhase;
			buildActionMask = 2147483647;
			files = (
			);
			runOnlyForDeploymentPostprocessing = 0;
		};
/* End PBXFrameworksBuildPhase section */

/* Begin PBXGroup section */
		F3F7624E1AA71D0500DAFF6D = {
			isa = PBXGroup;
			children = (
				F3F762591AA71D0500DAFF6D /* LionsAndTigers */,
				F3F7626F1AA71D0500DAFF6D /* LionsAndTigersTests */,
				F3F762581AA71D0500DAFF6D /* Products */,
			);
			sourceTree = "<group>";
		};
		F3F762581AA71D0500DAFF6D /* Products */ = {
			isa = PBXGroup;
			children = (
				F3F762571AA71D0500DAFF6D /* LionsAndTigers.app */,
				F3F7626C1AA71D0500DAFF6D /* LionsAndTigersTests.xctest */,
			);
			name = Products;
			sourceTree = "<group>";
		};
		F3F762591AA71D0500DAFF6D /* LionsAndTigers */ = {
			isa = PBXGroup;
			children = (
				F3F7625C1AA71D0500DAFF6D /* AppDelegate.swift */,
				F3F7625E1AA71D0500DAFF6D /* ViewController.swift */,
				F3F762601AA71D0500DAFF6D /* Main.storyboard */,
				F38E69711AB052600005953A /* LionCub.swift */,
				F3F7627C1AA7221700DAFF6D /* Tiger.swift */,
				F3328A431AB029630086A029 /* Lion.swift */,
				F3F762631AA71D0500DAFF6D /* Images.xcassets */,
				F3F762651AA71D0500DAFF6D /* LaunchScreen.xib */,
				F3F7625A1AA71D0500DAFF6D /* Supporting Files */,
			);
			path = LionsAndTigers;
			sourceTree = "<group>";
		};
		F3F7625A1AA71D0500DAFF6D /* Supporting Files */ = {
			isa = PBXGroup;
			children = (
				F3F7627E1AA724BF00DAFF6D /* LionsAndTigersAssets */,
				F3F7625B1AA71D0500DAFF6D /* Info.plist */,
			);
			name = "Supporting Files";
			sourceTree = "<group>";
		};
		F3F7626F1AA71D0500DAFF6D /* LionsAndTigersTests */ = {
			isa = PBXGroup;
			children = (
				F3F762721AA71D0500DAFF6D /* LionsAndTigersTests.swift */,
				F3F762701AA71D0500DAFF6D /* Supporting Files */,
			);
			path = LionsAndTigersTests;
			sourceTree = "<group>";
		};
		F3F762701AA71D0500DAFF6D /* Supporting Files */ = {
			isa = PBXGroup;
			children = (
				F3F762711AA71D0500DAFF6D /* Info.plist */,
			);
			name = "Supporting Files";
			sourceTree = "<group>";
		};
		F3F7627E1AA724BF00DAFF6D /* LionsAndTigersAssets */ = {
			isa = PBXGroup;
			children = (
				F3F7627F1AA724BF00DAFF6D /* BengalTiger.jpg */,
				F3F762801AA724BF00DAFF6D /* IndochineseTiger.jpg */,
				F3F762811AA724BF00DAFF6D /* Lion.jpg */,
				F3F762821AA724BF00DAFF6D /* LionCub1.jpg */,
				F3F762831AA724BF00DAFF6D /* LionCub2.jpeg */,
				F3F762841AA724BF00DAFF6D /* Lioness.jpeg */,
				F3F762851AA724BF00DAFF6D /* MalayanTiger.jpg */,
				F3F762861AA724BF00DAFF6D /* SiberianTiger.jpg */,
			);
			path = LionsAndTigersAssets;
			sourceTree = "<group>";
		};
/* End PBXGroup section */

/* Begin PBXNativeTarget section */
		F3F762561AA71D0500DAFF6D /* LionsAndTigers */ = {
			isa = PBXNativeTarget;
			buildConfigurationList = F3F762761AA71D0500DAFF6D /* Build configuration list for PBXNativeTarget "LionsAndTigers" */;
			buildPhases = (
				F3F762531AA71D0500DAFF6D /* Sources */,
				F3F762541AA71D0500DAFF6D /* Frameworks */,
				F3F762551AA71D0500DAFF6D /* Resources */,
			);
			buildRules = (
			);
			dependencies = (
			);
			name = LionsAndTigers;
			productName = LionsAndTigers;
			productReference = F3F762571AA71D0500DAFF6D /* LionsAndTigers.app */;
			productType = "com.apple.product-type.application";
		};
		F3F7626B1AA71D0500DAFF6D /* LionsAndTigersTests */ = {
			isa = PBXNativeTarget;
			buildConfigurationList = F3F762791AA71D0500DAFF6D /* Build configuration list for PBXNativeTarget "LionsAndTigersTests" */;
			buildPhases = (
				F3F762681AA71D0500DAFF6D /* Sources */,
				F3F762691AA71D0500DAFF6D /* Frameworks */,
				F3F7626A1AA71D0500DAFF6D /* Resources */,
			);
			buildRules = (
			);
			dependencies = (
				F3F7626E1AA71D0500DAFF6D /* PBXTargetDependency */,
			);
			name = LionsAndTigersTests;
			productName = LionsAndTigersTests;
			productReference = F3F7626C1AA71D0500DAFF6D /* LionsAndTigersTests.xctest */;
			productType = "com.apple.product-type.bundle.unit-test";
		};
/* End PBXNativeTarget section */

/* Begin PBXProject section */
		F3F7624F1AA71D0500DAFF6D /* Project object */ = {
			isa = PBXProject;
			attributes = {
				LastUpgradeCheck = 0610;
				ORGANIZATIONNAME = "Dirk Boller";
				TargetAttributes = {
					F3F762561AA71D0500DAFF6D = {
						CreatedOnToolsVersion = 6.1.1;
					};
					F3F7626B1AA71D0500DAFF6D = {
						CreatedOnToolsVersion = 6.1.1;
						TestTargetID = F3F762561AA71D0500DAFF6D;
					};
				};
			};
			buildConfigurationList = F3F762521AA71D0500DAFF6D /* Build configuration list for PBXProject "LionsAndTigers" */;
			compatibilityVersion = "Xcode 3.2";
			developmentRegion = English;
			hasScannedForEncodings = 0;
			knownRegions = (
				en,
				Base,
			);
			mainGroup = F3F7624E1AA71D0500DAFF6D;
			productRefGroup = F3F762581AA71D0500DAFF6D /* Products */;
			projectDirPath = "";
			projectRoot = "";
			targets = (
				F3F762561AA71D0500DAFF6D /* LionsAndTigers */,
				F3F7626B1AA71D0500DAFF6D /* LionsAndTigersTests */,
			);
		};
/* End PBXProject section */

/* Begin PBXResourcesBuildPhase section */
		F3F762551AA71D0500DAFF6D /* Resources */ = {
			isa = PBXResourcesBuildPhase;
			buildActionMask = 2147483647;
			files = (
				F3F762881AA724BF00DAFF6D /* IndochineseTiger.jpg in Resources */,
				F3F762621AA71D0500DAFF6D /* Main.storyboard in Resources */,
				F3F762671AA71D0500DAFF6D /* LaunchScreen.xib in Resources */,
				F3F7628C1AA724BF00DAFF6D /* Lioness.jpeg in Resources */,
				F3F7628A1AA724BF00DAFF6D /* LionCub1.jpg in Resources */,
				F3F7628D1AA724BF00DAFF6D /* MalayanTiger.jpg in Resources */,
				F3F7628E1AA724BF00DAFF6D /* SiberianTiger.jpg in Resources */,
				F3F762871AA724BF00DAFF6D /* BengalTiger.jpg in Resources */,
				F3F762641AA71D0500DAFF6D /* Images.xcassets in Resources */,
				F3F762891AA724BF00DAFF6D /* Lion.jpg in Resources */,
				F3F7628B1AA724BF00DAFF6D /* LionCub2.jpeg in Resources */,
			);
			runOnlyForDeploymentPostprocessing = 0;
		};
		F3F7626A1AA71D0500DAFF6D /* Resources */ = {
			isa = PBXResourcesBuildPhase;
			buildActionMask = 2147483647;
			files = (
			);
			runOnlyForDeploymentPostprocessing = 0;
		};
/* End PBXResourcesBuildPhase section */

/* Begin PBXSourcesBuildPhase section */
		F3F762531AA71D0500DAFF6D /* Sources */ = {
			isa = PBXSourcesBuildPhase;
			buildActionMask = 2147483647;
			files = (
				F3F7625F1AA71D0500DAFF6D /* ViewController.swift in Sources */,
				F3F7627D1AA7221700DAFF6D /* Tiger.swift in Sources */,
				F3F7625D1AA71D0500DAFF6D /* AppDelegate.swift in Sources */,
				F38E69721AB052600005953A /* LionCub.swift in Sources */,
				F3328A441AB029630086A029 /* Lion.swift in Sources */,
			);
			runOnlyForDeploymentPostprocessing = 0;
		};
		F3F762681AA71D0500DAFF6D /* Sources */ = {
			isa = PBXSourcesBuildPhase;
			buildActionMask = 2147483647;
			files = (
				F3F762731AA71D0500DAFF6D /* LionsAndTigersTests.swift in Sources */,
			);
			runOnlyForDeploymentPostprocessing = 0;
		};
/* End PBXSourcesBuildPhase section */

/* Begin PBXTargetDependency section */
		F3F7626E1AA71D0500DAFF6D /* PBXTargetDependency */ = {
			isa = PBXTargetDependency;
			target = F3F762561AA71D0500DAFF6D /* LionsAndTigers */;
			targetProxy = F3F7626D1AA71D0500DAFF6D /* PBXContainerItemProxy */;
		};
/* End PBXTargetDependency section */

/* Begin PBXVariantGroup section */
		F3F762601AA71D0500DAFF6D /* Main.storyboard */ = {
			isa = PBXVariantGroup;
			children = (
				F3F762611AA71D0500DAFF6D /* Base */,
			);
			name = Main.storyboard;
			sourceTree = "<group>";
		};
		F3F762651AA71D0500DAFF6D /* LaunchScreen.xib */ = {
			isa = PBXVariantGroup;
			children = (
				F3F762661AA71D0500DAFF6D /* Base */,
			);
			name = LaunchScreen.xib;
			sourceTree = "<group>";
		};
/* End PBXVariantGroup section */

/* Begin XCBuildConfiguration section */
		F3F762741AA71D0500DAFF6D /* Debug */ = {
			isa = XCBuildConfiguration;
			buildSettings = {
				ALWAYS_SEARCH_USER_PATHS = NO;
				CLANG_CXX_LANGUAGE_STANDARD = "gnu++0x";
				CLANG_CXX_LIBRARY = "libc++";
				CLANG_ENABLE_MODULES = YES;
				CLANG_ENABLE_OBJC_ARC = YES;
				CLANG_WARN_BOOL_CONVERSION = YES;
				CLANG_WARN_CONSTANT_CONVERSION = YES;
				CLANG_WARN_DIRECT_OBJC_ISA_USAGE = YES_ERROR;
				CLANG_WARN_EMPTY_BODY = YES;
				CLANG_WARN_ENUM_CONVERSION = YES;
				CLANG_WARN_INT_CONVERSION = YES;
				CLANG_WARN_OBJC_ROOT_CLASS = YES_ERROR;
				CLANG_WARN_UNREACHABLE_CODE = YES;
				CLANG_WARN__DUPLICATE_METHOD_MATCH = YES;
				"CODE_SIGN_IDENTITY[sdk=iphoneos*]" = "iPhone Developer";
				COPY_PHASE_STRIP = NO;
				ENABLE_STRICT_OBJC_MSGSEND = YES;
				GCC_C_LANGUAGE_STANDARD = gnu99;
				GCC_DYNAMIC_NO_PIC = NO;
				GCC_OPTIMIZATION_LEVEL = 0;
				GCC_PREPROCESSOR_DEFINITIONS = (
					"DEBUG=1",
					"$(inherited)",
				);
				GCC_SYMBOLS_PRIVATE_EXTERN = NO;
				GCC_WARN_64_TO_32_BIT_CONVERSION = YES;
				GCC_WARN_ABOUT_RETURN_TYPE = YES_ERROR;
				GCC_WARN_UNDECLARED_SELECTOR = YES;
				GCC_WARN_UNINITIALIZED_AUTOS = YES_AGGRESSIVE;
				GCC_WARN_UNUSED_FUNCTION = YES;
				GCC_WARN_UNUSED_VARIABLE = YES;
				IPHONEOS_DEPLOYMENT_TARGET = 8.1;
				MTL_ENABLE_DEBUG_INFO = YES;
				ONLY_ACTIVE_ARCH = YES;
				SDKROOT = iphoneos;
				SWIFT_OPTIMIZATION_LEVEL = "-Onone";
				TARGETED_DEVICE_FAMILY = "1,2";
			};
			name = Debug;
		};
		F3F762751AA71D0500DAFF6D /* Release */ = {
			isa = XCBuildConfiguration;
			buildSettings = {
				ALWAYS_SEARCH_USER_PATHS = NO;
				CLANG_CXX_LANGUAGE_STANDARD = "gnu++0x";
				CLANG_CXX_LIBRARY = "libc++";
				CLANG_ENABLE_MODULES = YES;
				CLANG_ENABLE_OBJC_ARC = YES;
				CLANG_WARN_BOOL_CONVERSION = YES;
				CLANG_WARN_CONSTANT_CONVERSION = YES;
				CLANG_WARN_DIRECT_OBJC_ISA_USAGE = YES_ERROR;
				CLANG_WARN_EMPTY_BODY = YES;
				CLANG_WARN_ENUM_CONVERSION = YES;
				CLANG_WARN_INT_CONVERSION = YES;
				CLANG_WARN_OBJC_ROOT_CLASS = YES_ERROR;
				CLANG_WARN_UNREACHABLE_CODE = YES;
				CLANG_WARN__DUPLICATE_METHOD_MATCH = YES;
				"CODE_SIGN_IDENTITY[sdk=iphoneos*]" = "iPhone Developer";
				COPY_PHASE_STRIP = YES;
				ENABLE_NS_ASSERTIONS = NO;
				ENABLE_STRICT_OBJC_MSGSEND = YES;
				GCC_C_LANGUAGE_STANDARD = gnu99;
				GCC_WARN_64_TO_32_BIT_CONVERSION = YES;
				GCC_WARN_ABOUT_RETURN_TYPE = YES_ERROR;
				GCC_WARN_UNDECLARED_SELECTOR = YES;
				GCC_WARN_UNINITIALIZED_AUTOS = YES_AGGRESSIVE;
				GCC_WARN_UNUSED_FUNCTION = YES;
				GCC_WARN_UNUSED_VARIABLE = YES;
				IPHONEOS_DEPLOYMENT_TARGET = 8.1;
				MTL_ENABLE_DEBUG_INFO = NO;
				SDKROOT = iphoneos;
				TARGETED_DEVICE_FAMILY = "1,2";
				VALIDATE_PRODUCT = YES;
			};
			name = Release;
		};
		F3F762771AA71D0500DAFF6D /* Debug */ = {
			isa = XCBuildConfiguration;
			buildSettings = {
				ASSETCATALOG_COMPILER_APPICON_NAME = AppIcon;
				INFOPLIST_FILE = LionsAndTigers/Info.plist;
				LD_RUNPATH_SEARCH_PATHS = "$(inherited) @executable_path/Frameworks";
				PRODUCT_NAME = "$(TARGET_NAME)";
			};
			name = Debug;
		};
		F3F762781AA71D0500DAFF6D /* Release */ = {
			isa = XCBuildConfiguration;
			buildSettings = {
				ASSETCATALOG_COMPILER_APPICON_NAME = AppIcon;
				INFOPLIST_FILE = LionsAndTigers/Info.plist;
				LD_RUNPATH_SEARCH_PATHS = "$(inherited) @executable_path/Frameworks";
				PRODUCT_NAME = "$(TARGET_NAME)";
			};
			name = Release;
		};
		F3F7627A1AA71D0500DAFF6D /* Debug */ = {
			isa = XCBuildConfiguration;
			buildSettings = {
				BUNDLE_LOADER = "$(TEST_HOST)";
				FRAMEWORK_SEARCH_PATHS = (
					"$(SDKROOT)/Developer/Library/Frameworks",
					"$(inherited)",
				);
				GCC_PREPROCESSOR_DEFINITIONS = (
					"DEBUG=1",
					"$(inherited)",
				);
				INFOPLIST_FILE = LionsAndTigersTests/Info.plist;
				LD_RUNPATH_SEARCH_PATHS = "$(inherited) @executable_path/Frameworks @loader_path/Frameworks";
				PRODUCT_NAME = "$(TARGET_NAME)";
				TEST_HOST = "$(BUILT_PRODUCTS_DIR)/LionsAndTigers.app/LionsAndTigers";
			};
			name = Debug;
		};
		F3F7627B1AA71D0500DAFF6D /* Release */ = {
			isa = XCBuildConfiguration;
			buildSettings = {
				BUNDLE_LOADER = "$(TEST_HOST)";
				FRAMEWORK_SEARCH_PATHS = (
					"$(SDKROOT)/Developer/Library/Frameworks",
					"$(inherited)",
				);
				INFOPLIST_FILE = LionsAndTigersTests/Info.plist;
				LD_RUNPATH_SEARCH_PATHS = "$(inherited) @executable_path/Frameworks @loader_path/Frameworks";
				PRODUCT_NAME = "$(TARGET_NAME)";
				TEST_HOST = "$(BUILT_PRODUCTS_DIR)/LionsAndTigers.app/LionsAndTigers";
			};
			name = Release;
		};
/* End XCBuildConfiguration section */

/* Begin XCConfigurationList section */
		F3F762521AA71D0500DAFF6D /* Build configuration list for PBXProject "LionsAndTigers" */ = {
			isa = XCConfigurationList;
			buildConfigurations = (
				F3F762741AA71D0500DAFF6D /* Debug */,
				F3F762751AA71D0500DAFF6D /* Release */,
			);
			defaultConfigurationIsVisible = 0;
			defaultConfigurationName = Release;
		};
		F3F762761AA71D0500DAFF6D /* Build configuration list for PBXNativeTarget "LionsAndTigers" */ = {
			isa = XCConfigurationList;
			buildConfigurations = (
				F3F762771AA71D0500DAFF6D /* Debug */,
				F3F762781AA71D0500DAFF6D /* Release */,
			);
			defaultConfigurationIsVisible = 0;
			defaultConfigurationName = Release;
		};
		F3F762791AA71D0500DAFF6D /* Build configuration list for PBXNativeTarget "LionsAndTigersTests" */ = {
			isa = XCConfigurationList;
			buildConfigurations = (
				F3F7627A1AA71D0500DAFF6D /* Debug */,
				F3F7627B1AA71D0500DAFF6D /* Release */,
			);
			defaultConfigurationIsVisible = 0;
			defaultConfigurationName = Release;
		};
/* End XCConfigurationList section */
	};
	rootObject = F3F7624F1AA71D0500DAFF6D /* Project object */;
}
